{
  "name": "gli",
  "version": "1.0.0",
  "lockfileVersion": 1,
  "dependencies": {
    "g": {
      "version": "2.0.1",
      "resolved": "http://sinopia.pvt.nectarom.com/g/-/g-2.0.1.tgz",
      "integrity": "sha1-C1lj69DKcOO8jGdmk0oCGCHIuFc="
    },
    "minimist": {
      "version": "1.2.0",
      "resolved": "http://sinopia.pvt.nectarom.com/minimist/-/minimist-1.2.0.tgz",
      "integrity": "sha1-o1AIsg9BOD7sH7kU9M1d95omQoQ="
    }
  }
}
